
Microsoft Visual Studio Solution File, Format Version 12.00
# Visual Studio Version 16
VisualStudioVersion = 16.0.29613.14
MinimumVisualStudioVersion = 10.0.40219.1
Project("{FAE04EC0-301F-11D3-BF4B-00C04F79EFBC}") = "ReportePE", "ReportePE\ReportePE.csproj", "{982A1DBD-2432-42B9-8B27-168559A2D67D}"
EndProject
Global
	GlobalSection(SolutionConfigurationPlatforms) = preSolution
		Debug|Any CPU = Debug|Any CPU
		Release|Any CPU = Release|Any CPU
	EndGlobalSection
	GlobalSection(ProjectConfigurationPlatforms) = postSolution
		{982A1DBD-2432-42B9-8B27-168559A2D67D}.Debug|Any CPU.ActiveCfg = Debug|Any CPU
		{982A1DBD-2432-42B9-8B27-168559A2D67D}.Debug|Any CPU.Build.0 = Debug|Any CPU
		{982A1DBD-2432-42B9-8B27-168559A2D67D}.Release|Any CPU.ActiveCfg = Release|Any CPU
		{982A1DBD-2432-42B9-8B27-168559A2D67D}.Release|Any CPU.Build.0 = Release|Any CPU
	EndGlobalSection
	GlobalSection(SolutionProperties) = preSolution
		HideSolutionNode = FALSE
	EndGlobalSection
	GlobalSection(ExtensibilityGlobals) = postSolution
		SolutionGuid = {C4B515FA-575F-4002-8F04-2A027656F36F}
	EndGlobalSection
EndGlobal
